
Microsoft Visual Studio Solution File, Format Version 12.00
# Visual Studio Version 17
VisualStudioVersion = 17.11.35222.181
MinimumVisualStudioVersion = 10.0.40219.1
Project("{FAE04EC0-301F-11D3-BF4B-00C04F79EFBC}") = "Week8EpicGame", "Week8EpicGame\Week8EpicGame.csproj", "{87320C8F-BC4D-4F6F-A94C-44EBC74A2736}"
EndProject
Global
	GlobalSection(SolutionConfigurationPlatforms) = preSolution
		Debug|Any CPU = Debug|Any CPU
		Release|Any CPU = Release|Any CPU
	EndGlobalSection
	GlobalSection(ProjectConfigurationPlatforms) = postSolution
		{87320C8F-BC4D-4F6F-A94C-44EBC74A2736}.Debug|Any CPU.ActiveCfg = Debug|Any CPU
		{87320C8F-BC4D-4F6F-A94C-44EBC74A2736}.Debug|Any CPU.Build.0 = Debug|Any CPU
		{87320C8F-BC4D-4F6F-A94C-44EBC74A2736}.Release|Any CPU.ActiveCfg = Release|Any CPU
		{87320C8F-BC4D-4F6F-A94C-44EBC74A2736}.Release|Any CPU.Build.0 = Release|Any CPU
	EndGlobalSection
	GlobalSection(SolutionProperties) = preSolution
		HideSolutionNode = FALSE
	EndGlobalSection
	GlobalSection(ExtensibilityGlobals) = postSolution
		SolutionGuid = {A78C468C-F57C-48F7-A585-9F422D3997C9}
	EndGlobalSection
EndGlobal
